
Microsoft Visual Studio Solution File, Format Version 12.00
# Visual Studio Version 17
VisualStudioVersion = 17.14.36811.4 d17.14
MinimumVisualStudioVersion = 10.0.40219.1
Project("{FAE04EC0-301F-11D3-BF4B-00C04F79EFBC}") = "Magazzini2.0", "Magazzini2.0\Magazzini2.0.csproj", "{19EE0E0D-CA1F-4F49-9B18-55BDCF8FEA16}"
EndProject
Global
	GlobalSection(SolutionConfigurationPlatforms) = preSolution
		Debug|Any CPU = Debug|Any CPU
		Release|Any CPU = Release|Any CPU
	EndGlobalSection
	GlobalSection(ProjectConfigurationPlatforms) = postSolution
		{19EE0E0D-CA1F-4F49-9B18-55BDCF8FEA16}.Debug|Any CPU.ActiveCfg = Debug|Any CPU
		{19EE0E0D-CA1F-4F49-9B18-55BDCF8FEA16}.Debug|Any CPU.Build.0 = Debug|Any CPU
		{19EE0E0D-CA1F-4F49-9B18-55BDCF8FEA16}.Release|Any CPU.ActiveCfg = Release|Any CPU
		{19EE0E0D-CA1F-4F49-9B18-55BDCF8FEA16}.Release|Any CPU.Build.0 = Release|Any CPU
	EndGlobalSection
	GlobalSection(SolutionProperties) = preSolution
		HideSolutionNode = FALSE
	EndGlobalSection
	GlobalSection(ExtensibilityGlobals) = postSolution
		SolutionGuid = {0B07F4DA-55F6-437E-9C10-C0FA74F7E07D}
	EndGlobalSection
EndGlobal
